
Microsoft Visual Studio Solution File, Format Version 12.00
# Visual Studio Version 17
VisualStudioVersion = 17.6.33712.159
MinimumVisualStudioVersion = 10.0.40219.1
Project("{FAE04EC0-301F-11D3-BF4B-00C04F79EFBC}") = "AloneInTheRoom", "AloneInTheRoom.csproj", "{47BB2871-64FD-481B-BA11-6A0A747E4A72}"
EndProject
Global
	GlobalSection(SolutionConfigurationPlatforms) = preSolution
		Debug|Any CPU = Debug|Any CPU
		Release|Any CPU = Release|Any CPU
	EndGlobalSection
	GlobalSection(ProjectConfigurationPlatforms) = postSolution
		{47BB2871-64FD-481B-BA11-6A0A747E4A72}.Debug|Any CPU.ActiveCfg = Debug|Any CPU
		{47BB2871-64FD-481B-BA11-6A0A747E4A72}.Debug|Any CPU.Build.0 = Debug|Any CPU
		{47BB2871-64FD-481B-BA11-6A0A747E4A72}.Release|Any CPU.ActiveCfg = Release|Any CPU
		{47BB2871-64FD-481B-BA11-6A0A747E4A72}.Release|Any CPU.Build.0 = Release|Any CPU
	EndGlobalSection
	GlobalSection(SolutionProperties) = preSolution
		HideSolutionNode = FALSE
	EndGlobalSection
	GlobalSection(ExtensibilityGlobals) = postSolution
		SolutionGuid = {B155CF4F-55CB-4F23-99B8-56B11D9F914B}
	EndGlobalSection
EndGlobal
